
Microsoft Visual Studio Solution File, Format Version 12.00
# Visual Studio Version 16
VisualStudioVersion = 16.0.30503.244
MinimumVisualStudioVersion = 10.0.40219.1
Project("{FAE04EC0-301F-11D3-BF4B-00C04F79EFBC}") = "DemoAzureApi.Api", "DemoAzureApi.Api\DemoAzureApi.Api.csproj", "{80D23227-AF22-4FB5-9B5C-A8A75FBDDE01}"
EndProject
Project("{FAE04EC0-301F-11D3-BF4B-00C04F79EFBC}") = "DemoAzureApi.Core", "DemoAzureApi.Core\DemoAzureApi.Core.csproj", "{36E65B26-AA9E-4282-AFF1-3735286E2EA1}"
EndProject
Project("{FAE04EC0-301F-11D3-BF4B-00C04F79EFBC}") = "DemoAzureApi.Infrastructure", "DemoAzureApi.Infrastructure\DemoAzureApi.Infrastructure.csproj", "{BC16FA91-B684-4E0E-B01F-197F8FFFB3C0}"
EndProject
Project("{2150E333-8FDC-42A3-9474-1A3956D46DE8}") = "Test", "Test", "{CFF2C316-A3E9-4BB4-9252-B7FEC7AE4ED2}"
EndProject
Project("{FAE04EC0-301F-11D3-BF4B-00C04F79EFBC}") = "DemoAzureApi.UnitTests", "DemoAzureApi.UnitTests\DemoAzureApi.UnitTests.csproj", "{ABEFAB55-BC34-4B88-8DF7-A4E9C625812C}"
EndProject
Global
	GlobalSection(SolutionConfigurationPlatforms) = preSolution
		Debug|Any CPU = Debug|Any CPU
		Release|Any CPU = Release|Any CPU
	EndGlobalSection
	GlobalSection(ProjectConfigurationPlatforms) = postSolution
		{80D23227-AF22-4FB5-9B5C-A8A75FBDDE01}.Debug|Any CPU.ActiveCfg = Debug|Any CPU
		{80D23227-AF22-4FB5-9B5C-A8A75FBDDE01}.Debug|Any CPU.Build.0 = Debug|Any CPU
		{80D23227-AF22-4FB5-9B5C-A8A75FBDDE01}.Release|Any CPU.ActiveCfg = Release|Any CPU
		{80D23227-AF22-4FB5-9B5C-A8A75FBDDE01}.Release|Any CPU.Build.0 = Release|Any CPU
		{36E65B26-AA9E-4282-AFF1-3735286E2EA1}.Debug|Any CPU.ActiveCfg = Debug|Any CPU
		{36E65B26-AA9E-4282-AFF1-3735286E2EA1}.Debug|Any CPU.Build.0 = Debug|Any CPU
		{36E65B26-AA9E-4282-AFF1-3735286E2EA1}.Release|Any CPU.ActiveCfg = Release|Any CPU
		{36E65B26-AA9E-4282-AFF1-3735286E2EA1}.Release|Any CPU.Build.0 = Release|Any CPU
		{BC16FA91-B684-4E0E-B01F-197F8FFFB3C0}.Debug|Any CPU.ActiveCfg = Debug|Any CPU
		{BC16FA91-B684-4E0E-B01F-197F8FFFB3C0}.Debug|Any CPU.Build.0 = Debug|Any CPU
		{BC16FA91-B684-4E0E-B01F-197F8FFFB3C0}.Release|Any CPU.ActiveCfg = Release|Any CPU
		{BC16FA91-B684-4E0E-B01F-197F8FFFB3C0}.Release|Any CPU.Build.0 = Release|Any CPU
		{ABEFAB55-BC34-4B88-8DF7-A4E9C625812C}.Debug|Any CPU.ActiveCfg = Debug|Any CPU
		{ABEFAB55-BC34-4B88-8DF7-A4E9C625812C}.Debug|Any CPU.Build.0 = Debug|Any CPU
		{ABEFAB55-BC34-4B88-8DF7-A4E9C625812C}.Release|Any CPU.ActiveCfg = Release|Any CPU
		{ABEFAB55-BC34-4B88-8DF7-A4E9C625812C}.Release|Any CPU.Build.0 = Release|Any CPU
	EndGlobalSection
	GlobalSection(SolutionProperties) = preSolution
		HideSolutionNode = FALSE
	EndGlobalSection
	GlobalSection(NestedProjects) = preSolution
		{ABEFAB55-BC34-4B88-8DF7-A4E9C625812C} = {CFF2C316-A3E9-4BB4-9252-B7FEC7AE4ED2}
	EndGlobalSection
	GlobalSection(ExtensibilityGlobals) = postSolution
		SolutionGuid = {03B0B820-4BDE-419B-B52B-01DB92239921}
	EndGlobalSection
EndGlobal
